<?xml version="1.0" encoding="UTF-8"?>
<CONFIG>
  <ProjectOptions>
    <Version Value="9"/>
    <General>
      <Flags>
        <SaveOnlyProjectUnits Value="True"/>
        <SaveJumpHistory Value="False"/>
        <SaveFoldState Value="False"/>
      </Flags>
      <MainUnit Value="0"/>
      <Title Value="Surf Ice"/>
      <ResourceType Value="res"/>
      <UseXPManifest Value="True"/>
      <XPManifest>
        <DpiAware Value="True"/>
      </XPManifest>
      <Icon Value="0"/>
    </General>
    <i18n>
      <EnableI18N LFM="False"/>
    </i18n>
    <VersionInfo>
      <StringTable ProductVersion=""/>
    </VersionInfo>
    <BuildModes Count="1" Active="Default">
      <Item1 Name="Default" Default="True"/>
    </BuildModes>
    <PublishOptions>
      <Version Value="2"/>
    </PublishOptions>
    <RunParams>
      <local>
        <FormatVersion Value="1"/>
      </local>
    </RunParams>
    <RequiredPackages Count="2">
      <Item1>
        <PackageName Value="LazOpenGLContext"/>
      </Item1>
      <Item2>
        <PackageName Value="LCL"/>
      </Item2>
    </RequiredPackages>
    <Units Count="12">
      <Unit0>
        <Filename Value="surfice.lpr"/>
        <IsPartOfProject Value="True"/>
        <UsageCount Value="22"/>
      </Unit0>
      <Unit1>
        <Filename Value="mainunit.pas"/>
        <IsPartOfProject Value="True"/>
        <ComponentName Value="GLForm1"/>
        <HasResources Value="True"/>
        <ResourceBaseClass Value="Form"/>
        <EditorIndex Value="3"/>
        <TopLine Value="1902"/>
        <CursorPos X="46" Y="1918"/>
        <UsageCount Value="22"/>
        <Loaded Value="True"/>
        <LoadedDesigner Value="True"/>
      </Unit1>
      <Unit2>
        <Filename Value="prefs.pas"/>
        <IsPartOfProject Value="True"/>
        <EditorIndex Value="2"/>
        <CursorPos X="108"/>
        <UsageCount Value="22"/>
        <Loaded Value="True"/>
      </Unit2>
      <Unit3>
        <Filename Value="nifti_loader.pas"/>
        <IsPartOfProject Value="True"/>
        <UsageCount Value="22"/>
      </Unit3>
      <Unit4>
        <Filename Value="colorTable.pas"/>
        <IsPartOfProject Value="True"/>
        <UsageCount Value="22"/>
      </Unit4>
      <Unit5>
        <Filename Value="track.pas"/>
        <IsPartOfProject Value="True"/>
        <TopLine Value="330"/>
        <CursorPos X="25" Y="361"/>
        <UsageCount Value="22"/>
        <Loaded Value="True"/>
      </Unit5>
      <Unit6>
        <Filename Value="glisosurface.pas"/>
        <IsPartOfProject Value="True"/>
        <UsageCount Value="22"/>
      </Unit6>
      <Unit7>
        <Filename Value="isosurface.pas"/>
        <IsPartOfProject Value="True"/>
        <UsageCount Value="22"/>
      </Unit7>
      <Unit8>
        <Filename Value="unifyverticesu.pas"/>
        <IsPartOfProject Value="True"/>
        <UsageCount Value="22"/>
      </Unit8>
      <Unit9>
        <Filename Value="progmesh.pas"/>
        <IsPartOfProject Value="True"/>
        <UsageCount Value="22"/>
      </Unit9>
      <Unit10>
        <Filename Value="mergevertices.pas"/>
        <IsPartOfProject Value="True"/>
        <UsageCount Value="22"/>
      </Unit10>
      <Unit11>
        <Filename Value="meshdisplay.pas"/>
        <IsPartOfProject Value="True"/>
        <UsageCount Value="22"/>
      </Unit11>
    </Units>
  </ProjectOptions>
  <CompilerOptions>
    <Version Value="11"/>
    <Target>
      <Filename Value="surfice"/>
    </Target>
    <SearchPaths>
      <IncludeFiles Value="$(ProjOutDir)"/>
      <OtherUnitFiles Value="lzma"/>
      <UnitOutputDirectory Value="lib/$(TargetCPU)-$(TargetOS)"/>
    </SearchPaths>
    <CodeGeneration>
      <SmartLinkUnit Value="True"/>
    </CodeGeneration>
    <Linking>
      <Debugging>
        <GenerateDebugInfo Value="False"/>
        <StripSymbols Value="True"/>
      </Debugging>
      <LinkSmart Value="True"/>
      <Options>
        <Win32>
          <GraphicApplication Value="True"/>
        </Win32>
      </Options>
    </Linking>
    <Other>
      <CompilerMessages>
        <IgnoredMessages idx5057="True"/>
      </CompilerMessages>
    </Other>
  </CompilerOptions>
  <Debugging>
    <Exceptions Count="3">
      <Item1>
        <Name Value="EAbort"/>
      </Item1>
      <Item2>
        <Name Value="ECodetoolError"/>
      </Item2>
      <Item3>
        <Name Value="EFOpenError"/>
      </Item3>
    </Exceptions>
  </Debugging>
</CONFIG>
