<?xml version="1.0" encoding="UTF-8"?>
<CONFIG>
  <ProjectOptions>
    <Version Value="9"/>
    <General>
      <Flags>
        <SaveOnlyProjectUnits Value="True"/>
        <SaveJumpHistory Value="False"/>
        <SaveFoldState Value="False"/>
      </Flags>
      <MainUnit Value="0"/>
      <Title Value="Surf Ice"/>
      <UseXPManifest Value="True"/>
      <XPManifest>
        <DpiAware Value="True"/>
      </XPManifest>
      <Icon Value="0"/>
    </General>
    <i18n>
      <EnableI18N LFM="False"/>
    </i18n>
    <BuildModes Count="1" Active="Default">
      <Item1 Name="Default" Default="True"/>
    </BuildModes>
    <PublishOptions>
      <Version Value="2"/>
    </PublishOptions>
    <RunParams>
      <local>
        <FormatVersion Value="1"/>
      </local>
    </RunParams>
    <RequiredPackages Count="3">
      <Item1>
        <PackageName Value="pascalscript"/>
      </Item1>
      <Item2>
        <PackageName Value="LazOpenGLContext"/>
      </Item2>
      <Item3>
        <PackageName Value="LCL"/>
      </Item3>
    </RequiredPackages>
    <Units Count="7">
      <Unit0>
        <Filename Value="surfice.lpr"/>
        <IsPartOfProject Value="True"/>
        <EditorIndex Value="3"/>
        <CursorPos X="41" Y="20"/>
        <UsageCount Value="210"/>
        <Loaded Value="True"/>
      </Unit0>
      <Unit1>
        <Filename Value="mainunit.pas"/>
        <IsPartOfProject Value="True"/>
        <ComponentName Value="GLForm1"/>
        <HasResources Value="True"/>
        <ResourceBaseClass Value="Form"/>
        <IsVisibleTab Value="True"/>
        <EditorIndex Value="1"/>
        <TopLine Value="2055"/>
        <CursorPos X="35" Y="2069"/>
        <UsageCount Value="210"/>
        <Loaded Value="True"/>
        <LoadedDesigner Value="True"/>
      </Unit1>
      <Unit2>
        <Filename Value="prefs.pas"/>
        <IsPartOfProject Value="True"/>
        <EditorIndex Value="-1"/>
        <TopLine Value="142"/>
        <CursorPos X="31" Y="168"/>
        <UsageCount Value="210"/>
      </Unit2>
      <Unit3>
        <Filename Value="nifti_loader.pas"/>
        <IsPartOfProject Value="True"/>
        <EditorIndex Value="-1"/>
        <TopLine Value="45"/>
        <CursorPos X="75" Y="52"/>
        <UsageCount Value="210"/>
      </Unit3>
      <Unit4>
        <Filename Value="colorTable.pas"/>
        <IsPartOfProject Value="True"/>
        <EditorIndex Value="-1"/>
        <TopLine Value="3"/>
        <CursorPos X="3" Y="14"/>
        <UsageCount Value="210"/>
      </Unit4>
      <Unit5>
        <Filename Value="track.pas"/>
        <IsPartOfProject Value="True"/>
        <TopLine Value="17"/>
        <CursorPos X="18" Y="36"/>
        <UsageCount Value="210"/>
        <Loaded Value="True"/>
      </Unit5>
      <Unit6>
        <Filename Value="scriptengine.pas"/>
        <IsPartOfProject Value="True"/>
        <ComponentName Value="ScriptForm"/>
        <HasResources Value="True"/>
        <ResourceBaseClass Value="Form"/>
        <EditorIndex Value="-1"/>
        <CursorPos X="12" Y="11"/>
        <UsageCount Value="200"/>
      </Unit6>
    </Units>
  </ProjectOptions>
  <CompilerOptions>
    <Version Value="11"/>
    <Target>
      <Filename Value="surfice"/>
    </Target>
    <SearchPaths>
      <IncludeFiles Value="$(ProjOutDir)"/>
      <OtherUnitFiles Value="lzma"/>
      <UnitOutputDirectory Value="lib/$(TargetCPU)-$(TargetOS)"/>
    </SearchPaths>
    <Conditionals Value="if TargetOS='linux' then
  UnitPath += ';/usr/share/fpcsrc/3.0.0/packages/opengl/src';
// example for adding linker options on Mac OS X
//if TargetOS='darwin' then
//  LinkerOptions := ' -framework OpenGL';

// example for adding a unit and include path on Windows
//if SrcOS='win' then begin
//  UnitPath += ';win';
//  IncPath += ';win';
//end;"/>
    <CodeGeneration>
      <SmartLinkUnit Value="True"/>
      <Optimizations>
        <OptimizationLevel Value="3"/>
      </Optimizations>
    </CodeGeneration>
    <Linking>
      <Debugging>
        <GenerateDebugInfo Value="False"/>
        <StripSymbols Value="True"/>
      </Debugging>
      <LinkSmart Value="True"/>
      <Options>
        <Win32>
          <GraphicApplication Value="True"/>
        </Win32>
      </Options>
    </Linking>
    <Other>
      <CompilerMessages>
        <IgnoredMessages idx5057="True"/>
      </CompilerMessages>
    </Other>
  </CompilerOptions>
  <Debugging>
    <Exceptions Count="3">
      <Item1>
        <Name Value="EAbort"/>
      </Item1>
      <Item2>
        <Name Value="ECodetoolError"/>
      </Item2>
      <Item3>
        <Name Value="EFOpenError"/>
      </Item3>
    </Exceptions>
  </Debugging>
</CONFIG>
