<?xml version="1.0" encoding="UTF-8"?>
<CONFIG>
  <ProjectOptions>
    <Version Value="10"/>
    <General>
      <Flags>
        <SaveJumpHistory Value="False"/>
        <SaveFoldState Value="False"/>
      </Flags>
      <MainUnit Value="0"/>
      <Title Value="Surf Ice"/>
      <UseXPManifest Value="True"/>
      <XPManifest>
        <DpiAware Value="True"/>
      </XPManifest>
      <Icon Value="0"/>
    </General>
    <i18n>
      <EnableI18N LFM="False"/>
    </i18n>
    <BuildModes Count="2" >
      <Item1 Name="Default" Default="True"/>
      <Item2 Name="MacOS">
        <MacroValues Count="1">
          <Macro1 Name="LCLWidgetType" Value="cocoa"/>
        </MacroValues>
        <CompilerOptions>
          <Version Value="11"/>
          <Target>
            <Filename Value="surfice"/>
          </Target>
          <SearchPaths>
            <IncludeFiles Value="$(ProjOutDir)"/>
            <OtherUnitFiles Value="lzma"/>
            <UnitOutputDirectory Value="lib/$(TargetCPU)-$(TargetOS)"/>
          </SearchPaths>
          <Conditionals Value="//if TargetOS='linux' then
//   UnitPath += ';/usr/share/fpcsrc/3.0.0/packages/opengl/src;/usr/lib/fpc/3.0.0/source/packages/opengl/src';
//if TargetOS='linux' then
//  UnitPath += ';$(FPCSrcDir)/packages/opengl/src';
//if TargetOS='linux' then
//  UnitPath += ';/usr/share/fpcsrc/3.0.0/packages/opengl/src;/usr/lib/fpc/3.0.0/source/packages/opengl/src';
//CentOS/NeuroDebian /usr/share/fpcsrc/3.0.0/packages/opengl/src;
//Gentoo /usr/lib/fpc/3.0.0/source/packages/opengl/src/glext.pp
// example for adding linker options on Mac OS X
//if TargetOS='darwin' then
//  LinkerOptions := ' -framework OpenGL';

// example for adding a unit and include path on Windows
//if SrcOS='win' then begin
//  UnitPath += ';win';
//  IncPath += ';win';
//end;"/>
          <CodeGeneration>
            <SmartLinkUnit Value="True"/>
            <Optimizations>
              <OptimizationLevel Value="3"/>
            </Optimizations>
          </CodeGeneration>
          <Linking>
            <Debugging>
              <GenerateDebugInfo Value="False"/>
              <StripSymbols Value="True"/>
            </Debugging>
            <LinkSmart Value="True"/>
            <Options>
              <Win32>
                <GraphicApplication Value="True"/>
              </Win32>
            </Options>
          </Linking>
          <Other>
            <CompilerMessages>
              <IgnoredMessages idx5057="True"/>
            </CompilerMessages>
          </Other>
        </CompilerOptions>
      </Item2>
      <SharedMatrixOptions Count="1">
        <Item1 ID="021889034240" Modes="MacOS" Type="IDEMacro" MacroName="LCLWidgetType" Value="cocoa"/>
      </SharedMatrixOptions>
    </BuildModes>
    <PublishOptions>
      <Version Value="2"/>
    </PublishOptions>
    <RunParams>
      <local>
        <FormatVersion Value="1"/>
      </local>
    </RunParams>
    <RequiredPackages Count="3">
      <Item1>
        <PackageName Value="pascalscript"/>
      </Item1>
      <Item2>
        <PackageName Value="LazOpenGLContext"/>
      </Item2>
      <Item3>
        <PackageName Value="LCL"/>
      </Item3>
    </RequiredPackages>
    <Units Count="21">
      <Unit0>
        <Filename Value="surfice.lpr"/>
        <IsPartOfProject Value="True"/>
        <EditorIndex Value="3"/>
        <CursorPos X="36" Y="3"/>
        <UsageCount Value="210"/>
        <Loaded Value="True"/>
      </Unit0>
      <Unit1>
        <Filename Value="mainunit.pas"/>
        <IsPartOfProject Value="True"/>
        <ComponentName Value="GLForm1"/>
        <HasResources Value="True"/>
        <ResourceBaseClass Value="Form"/>
        <IsVisibleTab Value="True"/>
        <TopLine Value="803"/>
        <CursorPos X="71" Y="816"/>
        <UsageCount Value="210"/>
        <Loaded Value="True"/>
        <LoadedDesigner Value="True"/>
      </Unit1>
      <Unit2>
        <Filename Value="prefs.pas"/>
        <IsPartOfProject Value="True"/>
        <EditorIndex Value="1"/>
        <TopLine Value="20"/>
        <CursorPos X="17" Y="29"/>
        <UsageCount Value="210"/>
        <Loaded Value="True"/>
      </Unit2>
      <Unit3>
        <Filename Value="nifti_loader.pas"/>
        <IsPartOfProject Value="True"/>
        <EditorIndex Value="-1"/>
        <TopLine Value="45"/>
        <CursorPos X="75" Y="52"/>
        <UsageCount Value="210"/>
      </Unit3>
      <Unit4>
        <Filename Value="colorTable.pas"/>
        <IsPartOfProject Value="True"/>
        <EditorIndex Value="7"/>
        <TopLine Value="299"/>
        <CursorPos X="45" Y="300"/>
        <UsageCount Value="210"/>
        <Loaded Value="True"/>
      </Unit4>
      <Unit5>
        <Filename Value="track.pas"/>
        <IsPartOfProject Value="True"/>
        <EditorIndex Value="-1"/>
        <TopLine Value="636"/>
        <CursorPos X="47" Y="648"/>
        <UsageCount Value="210"/>
      </Unit5>
      <Unit6>
        <Filename Value="scriptengine.pas"/>
        <IsPartOfProject Value="True"/>
        <ComponentName Value="ScriptForm"/>
        <HasResources Value="True"/>
        <ResourceBaseClass Value="Form"/>
        <EditorIndex Value="6"/>
        <TopLine Value="23"/>
        <CursorPos X="78" Y="25"/>
        <UsageCount Value="200"/>
        <Loaded Value="True"/>
        <LoadedDesigner Value="True"/>
      </Unit6>
      <Unit7>
        <Filename Value="cifti.inc"/>
        <EditorIndex Value="-1"/>
        <CursorPos X="23"/>
        <UsageCount Value="28"/>
      </Unit7>
      <Unit8>
        <Filename Value="mesh.pas"/>
        <EditorIndex Value="4"/>
        <TopLine Value="1475"/>
        <CursorPos X="87" Y="1487"/>
        <UsageCount Value="31"/>
        <Loaded Value="True"/>
      </Unit8>
      <Unit9>
        <Filename Value="define_types.pas"/>
        <EditorIndex Value="-1"/>
        <TopLine Value="61"/>
        <CursorPos X="35" Y="71"/>
        <UsageCount Value="27"/>
      </Unit9>
      <Unit10>
        <Filename Value="gl_2d.pas"/>
        <EditorIndex Value="-1"/>
        <CursorPos X="118" Y="6"/>
        <UsageCount Value="25"/>
      </Unit10>
      <Unit11>
        <Filename Value="shaderu.pas"/>
        <EditorIndex Value="-1"/>
        <TopLine Value="369"/>
        <CursorPos X="7" Y="378"/>
        <UsageCount Value="12"/>
      </Unit11>
      <Unit12>
        <Filename Value="opts.inc"/>
        <EditorIndex Value="-1"/>
        <CursorPos X="19" Y="2"/>
        <UsageCount Value="13"/>
      </Unit12>
      <Unit13>
        <Filename Value="/usr/local/share/fpcsrc/packages/opengl/src/glext.pp"/>
        <UnitName Value="GLext"/>
        <EditorIndex Value="-1"/>
        <TopLine Value="5068"/>
        <CursorPos X="21" Y="5084"/>
        <UsageCount Value="25"/>
      </Unit13>
      <Unit14>
        <Filename Value="matmath.pas"/>
        <EditorIndex Value="-1"/>
        <TopLine Value="560"/>
        <CursorPos X="66" Y="573"/>
        <UsageCount Value="21"/>
      </Unit14>
      <Unit15>
        <Filename Value="curv.pas"/>
        <EditorIndex Value="2"/>
        <TopLine Value="89"/>
        <CursorPos X="25" Y="103"/>
        <UsageCount Value="23"/>
        <Loaded Value="True"/>
      </Unit15>
      <Unit16>
        <Filename Value="unused/colorbar2d.pas"/>
        <EditorIndex Value="-1"/>
        <TopLine Value="274"/>
        <CursorPos X="7" Y="288"/>
        <UsageCount Value="10"/>
      </Unit16>
      <Unit17>
        <Filename Value="/usr/local/share/fpcsrc/rtl/objpas/classes/classesh.inc"/>
        <EditorIndex Value="-1"/>
        <TopLine Value="93"/>
        <CursorPos X="38" Y="102"/>
        <UsageCount Value="11"/>
      </Unit17>
      <Unit18>
        <Filename Value="userdir.pas"/>
        <EditorIndex Value="-1"/>
        <TopLine Value="4"/>
        <CursorPos X="23" Y="22"/>
        <UsageCount Value="11"/>
      </Unit18>
      <Unit19>
        <Filename Value="/usr/local/share/fpcsrc/rtl/objpas/sysutils/finah.inc"/>
        <EditorIndex Value="-1"/>
        <TopLine Value="23"/>
        <CursorPos X="10" Y="44"/>
        <UsageCount Value="10"/>
      </Unit19>
      <Unit20>
        <Filename Value="commandsu.pas"/>
        <EditorIndex Value="5"/>
        <TopLine Value="177"/>
        <CursorPos X="7" Y="190"/>
        <UsageCount Value="13"/>
        <Loaded Value="True"/>
      </Unit20>
    </Units>
  </ProjectOptions>
  <CompilerOptions>
    <Version Value="11"/>
    <Target>
      <Filename Value="surfice"/>
    </Target>
    <SearchPaths>
      <IncludeFiles Value="$(ProjOutDir)"/>
      <OtherUnitFiles Value="lzma"/>
      <UnitOutputDirectory Value="lib/$(TargetCPU)-$(TargetOS)"/>
    </SearchPaths>
    <Conditionals Value="//if TargetOS='linux' then
//   UnitPath += ';/usr/share/fpcsrc/3.0.0/packages/opengl/src;/usr/lib/fpc/3.0.0/source/packages/opengl/src';
//if TargetOS='linux' then
//  UnitPath += ';$(FPCSrcDir)/packages/opengl/src';
//if TargetOS='linux' then
//  UnitPath += ';/usr/share/fpcsrc/3.0.0/packages/opengl/src;/usr/lib/fpc/3.0.0/source/packages/opengl/src';
//CentOS/NeuroDebian /usr/share/fpcsrc/3.0.0/packages/opengl/src;
//Gentoo /usr/lib/fpc/3.0.0/source/packages/opengl/src/glext.pp
// example for adding linker options on Mac OS X
//if TargetOS='darwin' then
//  LinkerOptions := ' -framework OpenGL';

// example for adding a unit and include path on Windows
//if SrcOS='win' then begin
//  UnitPath += ';win';
//  IncPath += ';win';
//end;"/>
    <CodeGeneration>
      <SmartLinkUnit Value="True"/>
      <Optimizations>
        <OptimizationLevel Value="3"/>
      </Optimizations>
    </CodeGeneration>
    <Linking>
      <Debugging>
        <GenerateDebugInfo Value="False"/>
        <StripSymbols Value="True"/>
      </Debugging>
      <LinkSmart Value="True"/>
      <Options>
        <Win32>
          <GraphicApplication Value="True"/>
        </Win32>
      </Options>
    </Linking>
    <Other>
      <CompilerMessages>
        <IgnoredMessages idx5057="True"/>
      </CompilerMessages>
    </Other>
  </CompilerOptions>
  <Debugging>
    <Exceptions Count="3">
      <Item1>
        <Name Value="EAbort"/>
      </Item1>
      <Item2>
        <Name Value="ECodetoolError"/>
      </Item2>
      <Item3>
        <Name Value="EFOpenError"/>
      </Item3>
    </Exceptions>
  </Debugging>
</CONFIG>
